schema: '2.0'
stages:
  data_ingestion:
    cmd: python src/data/data_ingestion.py
    deps:
    - path: src/data/data_ingestion.py
      hash: md5
      md5: 57c987e1d8ffd1fa91caee6ce991dc78
      size: 4254
    params:
      params.yaml:
        data_ingestion.test_size: 0.2
    outs:
    - path: data/raw
      hash: md5
      md5: e13bcce40396cd334c8a7a334868166a.dir
      size: 6919701
      nfiles: 2
  data_preprocessing:
    cmd: python src/data/data_preprocessing.py
    deps:
    - path: data/raw/test.csv
      hash: md5
      md5: ea97ba82a4a25627bf4ffb52572484ea
      size: 1348612
    - path: data/raw/train.csv
      hash: md5
      md5: 1bd422dd6d135bced1d6c64a3e84a45d
      size: 5571089
    - path: src/data/data_preprocessing.py
      hash: md5
      md5: a789f5b8f0a5cc1013b9a8b917a6145b
      size: 3794
    outs:
    - path: data/processed
      hash: md5
      md5: ba42408e7bd1e85685474d6a349ae57e.dir
      size: 5134850
      nfiles: 2
  model_building:
    cmd: python src/model/model_building.py
    deps:
    - path: data/processed/train_processed.csv
      hash: md5
      md5: 35027dfda8274bd9356544f2ff358aa4
      size: 4134324
    - path: src/model/model_building.py
      hash: md5
      md5: 756431379c3189f16aa8233e8f5ee80f
      size: 5631
    params:
      params.yaml:
        model_building.learning_rate: 0.096
        model_building.max_depth: 20
        model_building.max_features: 10000
        model_building.n_estimators: 338
        model_building.ngram_range:
        - 1
        - 3
    outs:
    - path: lgbm_model.pkl
      hash: md5
      md5: 59a10df42fa7a48527574ce29d939842
      size: 3800911
    - path: tfidf_vectorizer.pkl
      hash: md5
      md5: 15b6f4648925acc801a8851eefa8af63
      size: 384101
  model_evaluation:
    cmd: python src/model/model_evaluation.py
    deps:
    - path: data/processed/test_processed.csv
      hash: md5
      md5: 4f30375397ec89fead1745ee6d70f201
      size: 1000526
    - path: data/processed/train_processed.csv
      hash: md5
      md5: 35027dfda8274bd9356544f2ff358aa4
      size: 4134324
    - path: lgbm_model.pkl
      hash: md5
      md5: 59a10df42fa7a48527574ce29d939842
      size: 3800911
    - path: src/model/model_evaluation.py
      hash: md5
      md5: b1e9450b13e083213a640ccfa30b3876
      size: 7442
    - path: tfidf_vectorizer.pkl
      hash: md5
      md5: 15b6f4648925acc801a8851eefa8af63
      size: 384101
    outs:
    - path: experiment_info.json
      hash: md5
      md5: 0e0e67dd8df416826ab6ea19dca29e88
      size: 173
  model_registration:
    cmd: python src/model/register_model.py
    deps:
    - path: experiment_info.json
      hash: md5
      md5: 0e0e67dd8df416826ab6ea19dca29e88
      size: 173
    - path: src/model/register_model.py
      hash: md5
      md5: 3b8bca4071f2f76e85d80bef5c344224
      size: 2344
